// !$*UTF8*$!
{
	archiveVersion = 1;
	classes = {
	};
	objectVersion = 46;
	objects = {

/* Begin PBXBuildFile section */
		2B10C91B1CDCE1D200135A73 /* main.m in Sources */ = {isa = PBXBuildFile; fileRef = 2B10C91A1CDCE1D200135A73 /* main.m */; };
		2B10C91E1CDCE1D200135A73 /* AppDelegate.m in Sources */ = {isa = PBXBuildFile; fileRef = 2B10C91D1CDCE1D200135A73 /* AppDelegate.m */; };
		2B10C9211CDCE1D200135A73 /* MasterViewController.m in Sources */ = {isa = PBXBuildFile; fileRef = 2B10C9201CDCE1D200135A73 /* MasterViewController.m */; };
		2B10C9241CDCE1D200135A73 /* DetailViewController.m in Sources */ = {isa = PBXBuildFile; fileRef = 2B10C9231CDCE1D200135A73 /* DetailViewController.m */; };
		2B10C9271CDCE1D200135A73 /* Main.storyboard in Resources */ = {isa = PBXBuildFile; fileRef = 2B10C9251CDCE1D200135A73 /* Main.storyboard */; };
		2B10C9291CDCE1D200135A73 /* Assets.xcassets in Resources */ = {isa = PBXBuildFile; fileRef = 2B10C9281CDCE1D200135A73 /* Assets.xcassets */; };
		2B10C92C1CDCE1D200135A73 /* LaunchScreen.storyboard in Resources */ = {isa = PBXBuildFile; fileRef = 2B10C92A1CDCE1D200135A73 /* LaunchScreen.storyboard */; };
		2B10C9371CDCE1D200135A73 /* AppleTests.m in Sources */ = {isa = PBXBuildFile; fileRef = 2B10C9361CDCE1D200135A73 /* AppleTests.m */; };
		2B10C9421CDCE1D200135A73 /* AppleUITests.m in Sources */ = {isa = PBXBuildFile; fileRef = 2B10C9411CDCE1D200135A73 /* AppleUITests.m */; };
/* End PBXBuildFile section */

/* Begin PBXContainerItemProxy section */
		2B10C9331CDCE1D200135A73 /* PBXContainerItemProxy */ = {
			isa = PBXContainerItemProxy;
			containerPortal = 2B10C90E1CDCE1D200135A73 /* Project object */;
			proxyType = 1;
			remoteGlobalIDString = 2B10C9151CDCE1D200135A73;
			remoteInfo = Apple;
		};
		2B10C93E1CDCE1D200135A73 /* PBXContainerItemProxy */ = {
			isa = PBXContainerItemProxy;
			containerPortal = 2B10C90E1CDCE1D200135A73 /* Project object */;
			proxyType = 1;
			remoteGlobalIDString = 2B10C9151CDCE1D200135A73;
			remoteInfo = Apple;
		};
/* End PBXContainerItemProxy section */

/* Begin PBXFileReference section */
		2B10C9161CDCE1D200135A73 /* Apple.app */ = {isa = PBXFileReference; explicitFileType = wrapper.application; includeInIndex = 0; path = Apple.app; sourceTree = BUILT_PRODUCTS_DIR; };
		2B10C91A1CDCE1D200135A73 /* main.m */ = {isa = PBXFileReference; lastKnownFileType = sourcecode.c.objc; path = main.m; sourceTree = "<group>"; };
		2B10C91C1CDCE1D200135A73 /* AppDelegate.h */ = {isa = PBXFileReference; lastKnownFileType = sourcecode.c.h; path = AppDelegate.h; sourceTree = "<group>"; };
		2B10C91D1CDCE1D200135A73 /* AppDelegate.m */ = {isa = PBXFileReference; lastKnownFileType = sourcecode.c.objc; path = AppDelegate.m; sourceTree = "<group>"; };
		2B10C91F1CDCE1D200135A73 /* MasterViewController.h */ = {isa = PBXFileReference; lastKnownFileType = sourcecode.c.h; path = MasterViewController.h; sourceTree = "<group>"; };
		2B10C9201CDCE1D200135A73 /* MasterViewController.m */ = {isa = PBXFileReference; lastKnownFileType = sourcecode.c.objc; path = MasterViewController.m; sourceTree = "<group>"; };
		2B10C9221CDCE1D200135A73 /* DetailViewController.h */ = {isa = PBXFileReference; lastKnownFileType = sourcecode.c.h; path = DetailViewController.h; sourceTree = "<group>"; };
		2B10C9231CDCE1D200135A73 /* DetailViewController.m */ = {isa = PBXFileReference; lastKnownFileType = sourcecode.c.objc; path = DetailViewController.m; sourceTree = "<group>"; };
		2B10C9261CDCE1D200135A73 /* Base */ = {isa = PBXFileReference; lastKnownFileType = file.storyboard; name = Base; path = Base.lproj/Main.storyboard; sourceTree = "<group>"; };
		2B10C9281CDCE1D200135A73 /* Assets.xcassets */ = {isa = PBXFileReference; lastKnownFileType = folder.assetcatalog; path = Assets.xcassets; sourceTree = "<group>"; };
		2B10C92B1CDCE1D200135A73 /* Base */ = {isa = PBXFileReference; lastKnownFileType = file.storyboard; name = Base; path = Base.lproj/LaunchScreen.storyboard; sourceTree = "<group>"; };
		2B10C92D1CDCE1D200135A73 /* Info.plist */ = {isa = PBXFileReference; lastKnownFileType = text.plist.xml; path = Info.plist; sourceTree = "<group>"; };
		2B10C9321CDCE1D200135A73 /* AppleTests.xctest */ = {isa = PBXFileReference; explicitFileType = wrapper.cfbundle; includeInIndex = 0; path = AppleTests.xctest; sourceTree = BUILT_PRODUCTS_DIR; };
		2B10C9361CDCE1D200135A73 /* AppleTests.m */ = {isa = PBXFileReference; lastKnownFileType = sourcecode.c.objc; path = AppleTests.m; sourceTree = "<group>"; };
		2B10C9381CDCE1D200135A73 /* Info.plist */ = {isa = PBXFileReference; lastKnownFileType = text.plist.xml; path = Info.plist; sourceTree = "<group>"; };
		2B10C93D1CDCE1D200135A73 /* AppleUITests.xctest */ = {isa = PBXFileReference; explicitFileType = wrapper.cfbundle; includeInIndex = 0; path = AppleUITests.xctest; sourceTree = BUILT_PRODUCTS_DIR; };
		2B10C9411CDCE1D200135A73 /* AppleUITests.m */ = {isa = PBXFileReference; lastKnownFileType = sourcecode.c.objc; path = AppleUITests.m; sourceTree = "<group>"; };
		2B10C9431CDCE1D200135A73 /* Info.plist */ = {isa = PBXFileReference; lastKnownFileType = text.plist.xml; path = Info.plist; sourceTree = "<group>"; };
/* End PBXFileReference section */

/* Begin PBXFrameworksBuildPhase section */
		2B10C9131CDCE1D200135A73 /* Frameworks */ = {
			isa = PBXFrameworksBuildPhase;
			buildActionMask = 2147483647;
			files = (
			);
			runOnlyForDeploymentPostprocessing = 0;
		};
		2B10C92F1CDCE1D200135A73 /* Frameworks */ = {
			isa = PBXFrameworksBuildPhase;
			buildActionMask = 2147483647;
			files = (
			);
			runOnlyForDeploymentPostprocessing = 0;
		};
		2B10C93A1CDCE1D200135A73 /* Frameworks */ = {
			isa = PBXFrameworksBuildPhase;
			buildActionMask = 2147483647;
			files = (
			);
			runOnlyForDeploymentPostprocessing = 0;
		};
/* End PBXFrameworksBuildPhase section */

/* Begin PBXGroup section */
		2B10C90D1CDCE1D200135A73 = {
			isa = PBXGroup;
			children = (
				2B10C9181CDCE1D200135A73 /* Apple */,
				2B10C9351CDCE1D200135A73 /* AppleTests */,
				2B10C9401CDCE1D200135A73 /* AppleUITests */,
				2B10C9171CDCE1D200135A73 /* Products */,
			);
			sourceTree = "<group>";
		};
		2B10C9171CDCE1D200135A73 /* Products */ = {
			isa = PBXGroup;
			children = (
				2B10C9161CDCE1D200135A73 /* Apple.app */,
				2B10C9321CDCE1D200135A73 /* AppleTests.xctest */,
				2B10C93D1CDCE1D200135A73 /* AppleUITests.xctest */,
			);
			name = Products;
			sourceTree = "<group>";
		};
		2B10C9181CDCE1D200135A73 /* Apple */ = {
			isa = PBXGroup;
			children = (
				2B10C91C1CDCE1D200135A73 /* AppDelegate.h */,
				2B10C91D1CDCE1D200135A73 /* AppDelegate.m */,
				2B10C91F1CDCE1D200135A73 /* MasterViewController.h */,
				2B10C9201CDCE1D200135A73 /* MasterViewController.m */,
				2B10C9221CDCE1D200135A73 /* DetailViewController.h */,
				2B10C9231CDCE1D200135A73 /* DetailViewController.m */,
				2B10C9251CDCE1D200135A73 /* Main.storyboard */,
				2B10C9281CDCE1D200135A73 /* Assets.xcassets */,
				2B10C92A1CDCE1D200135A73 /* LaunchScreen.storyboard */,
				2B10C92D1CDCE1D200135A73 /* Info.plist */,
				2B10C9191CDCE1D200135A73 /* Supporting Files */,
			);
			path = Apple;
			sourceTree = "<group>";
		};
		2B10C9191CDCE1D200135A73 /* Supporting Files */ = {
			isa = PBXGroup;
			children = (
				2B10C91A1CDCE1D200135A73 /* main.m */,
			);
			name = "Supporting Files";
			sourceTree = "<group>";
		};
		2B10C9351CDCE1D200135A73 /* AppleTests */ = {
			isa = PBXGroup;
			children = (
				2B10C9361CDCE1D200135A73 /* AppleTests.m */,
				2B10C9381CDCE1D200135A73 /* Info.plist */,
			);
			path = AppleTests;
			sourceTree = "<group>";
		};
		2B10C9401CDCE1D200135A73 /* AppleUITests */ = {
			isa = PBXGroup;
			children = (
				2B10C9411CDCE1D200135A73 /* AppleUITests.m */,
				2B10C9431CDCE1D200135A73 /* Info.plist */,
			);
			path = AppleUITests;
			sourceTree = "<group>";
		};
/* End PBXGroup section */

/* Begin PBXNativeTarget section */
		2B10C9151CDCE1D200135A73 /* Apple */ = {
			isa = PBXNativeTarget;
			buildConfigurationList = 2B10C9461CDCE1D200135A73 /* Build configuration list for PBXNativeTarget "Apple" */;
			buildPhases = (
				2B10C9121CDCE1D200135A73 /* Sources */,
				2B10C9131CDCE1D200135A73 /* Frameworks */,
				2B10C9141CDCE1D200135A73 /* Resources */,
			);
			buildRules = (
			);
			dependencies = (
			);
			name = Apple;
			productName = Apple;
			productReference = 2B10C9161CDCE1D200135A73 /* Apple.app */;
			productType = "com.apple.product-type.application";
		};
		2B10C9311CDCE1D200135A73 /* AppleTests */ = {
			isa = PBXNativeTarget;
			buildConfigurationList = 2B10C9491CDCE1D200135A73 /* Build configuration list for PBXNativeTarget "AppleTests" */;
			buildPhases = (
				2B10C92E1CDCE1D200135A73 /* Sources */,
				2B10C92F1CDCE1D200135A73 /* Frameworks */,
				2B10C9301CDCE1D200135A73 /* Resources */,
			);
			buildRules = (
			);
			dependencies = (
				2B10C9341CDCE1D200135A73 /* PBXTargetDependency */,
			);
			name = AppleTests;
			productName = AppleTests;
			productReference = 2B10C9321CDCE1D200135A73 /* AppleTests.xctest */;
			productType = "com.apple.product-type.bundle.unit-test";
		};
		2B10C93C1CDCE1D200135A73 /* AppleUITests */ = {
			isa = PBXNativeTarget;
			buildConfigurationList = 2B10C94C1CDCE1D200135A73 /* Build configuration list for PBXNativeTarget "AppleUITests" */;
			buildPhases = (
				2B10C9391CDCE1D200135A73 /* Sources */,
				2B10C93A1CDCE1D200135A73 /* Frameworks */,
				2B10C93B1CDCE1D200135A73 /* Resources */,
			);
			buildRules = (
			);
			dependencies = (
				2B10C93F1CDCE1D200135A73 /* PBXTargetDependency */,
			);
			name = AppleUITests;
			productName = AppleUITests;
			productReference = 2B10C93D1CDCE1D200135A73 /* AppleUITests.xctest */;
			productType = "com.apple.product-type.bundle.ui-testing";
		};
/* End PBXNativeTarget section */

/* Begin PBXProject section */
		2B10C90E1CDCE1D200135A73 /* Project object */ = {
			isa = PBXProject;
			attributes = {
				LastUpgradeCheck = 0730;
				ORGANIZATIONNAME = "Girija Selvakumar";
				TargetAttributes = {
					2B10C9151CDCE1D200135A73 = {
						CreatedOnToolsVersion = 7.3.1;
					};
					2B10C9311CDCE1D200135A73 = {
						CreatedOnToolsVersion = 7.3.1;
						TestTargetID = 2B10C9151CDCE1D200135A73;
					};
					2B10C93C1CDCE1D200135A73 = {
						CreatedOnToolsVersion = 7.3.1;
						TestTargetID = 2B10C9151CDCE1D200135A73;
					};
				};
			};
			buildConfigurationList = 2B10C9111CDCE1D200135A73 /* Build configuration list for PBXProject "Apple" */;
			compatibilityVersion = "Xcode 3.2";
			developmentRegion = English;
			hasScannedForEncodings = 0;
			knownRegions = (
				en,
				Base,
			);
			mainGroup = 2B10C90D1CDCE1D200135A73;
			productRefGroup = 2B10C9171CDCE1D200135A73 /* Products */;
			projectDirPath = "";
			projectRoot = "";
			targets = (
				2B10C9151CDCE1D200135A73 /* Apple */,
				2B10C9311CDCE1D200135A73 /* AppleTests */,
				2B10C93C1CDCE1D200135A73 /* AppleUITests */,
			);
		};
/* End PBXProject section */

/* Begin PBXResourcesBuildPhase section */
		2B10C9141CDCE1D200135A73 /* Resources */ = {
			isa = PBXResourcesBuildPhase;
			buildActionMask = 2147483647;
			files = (
				2B10C92C1CDCE1D200135A73 /* LaunchScreen.storyboard in Resources */,
				2B10C9291CDCE1D200135A73 /* Assets.xcassets in Resources */,
				2B10C9271CDCE1D200135A73 /* Main.storyboard in Resources */,
			);
			runOnlyForDeploymentPostprocessing = 0;
		};
		2B10C9301CDCE1D200135A73 /* Resources */ = {
			isa = PBXResourcesBuildPhase;
			buildActionMask = 2147483647;
			files = (
			);
			runOnlyForDeploymentPostprocessing = 0;
		};
		2B10C93B1CDCE1D200135A73 /* Resources */ = {
			isa = PBXResourcesBuildPhase;
			buildActionMask = 2147483647;
			files = (
			);
			runOnlyForDeploymentPostprocessing = 0;
		};
/* End PBXResourcesBuildPhase section */

/* Begin PBXSourcesBuildPhase section */
		2B10C9121CDCE1D200135A73 /* Sources */ = {
			isa = PBXSourcesBuildPhase;
			buildActionMask = 2147483647;
			files = (
				2B10C91E1CDCE1D200135A73 /* AppDelegate.m in Sources */,
				2B10C9211CDCE1D200135A73 /* MasterViewController.m in Sources */,
				2B10C91B1CDCE1D200135A73 /* main.m in Sources */,
				2B10C9241CDCE1D200135A73 /* DetailViewController.m in Sources */,
			);
			runOnlyForDeploymentPostprocessing = 0;
		};
		2B10C92E1CDCE1D200135A73 /* Sources */ = {
			isa = PBXSourcesBuildPhase;
			buildActionMask = 2147483647;
			files = (
				2B10C9371CDCE1D200135A73 /* AppleTests.m in Sources */,
			);
			runOnlyForDeploymentPostprocessing = 0;
		};
		2B10C9391CDCE1D200135A73 /* Sources */ = {
			isa = PBXSourcesBuildPhase;
			buildActionMask = 2147483647;
			files = (
				2B10C9421CDCE1D200135A73 /* AppleUITests.m in Sources */,
			);
			runOnlyForDeploymentPostprocessing = 0;
		};
/* End PBXSourcesBuildPhase section */

/* Begin PBXTargetDependency section */
		2B10C9341CDCE1D200135A73 /* PBXTargetDependency */ = {
			isa = PBXTargetDependency;
			target = 2B10C9151CDCE1D200135A73 /* Apple */;
			targetProxy = 2B10C9331CDCE1D200135A73 /* PBXContainerItemProxy */;
		};
		2B10C93F1CDCE1D200135A73 /* PBXTargetDependency */ = {
			isa = PBXTargetDependency;
			target = 2B10C9151CDCE1D200135A73 /* Apple */;
			targetProxy = 2B10C93E1CDCE1D200135A73 /* PBXContainerItemProxy */;
		};
/* End PBXTargetDependency section */

/* Begin PBXVariantGroup section */
		2B10C9251CDCE1D200135A73 /* Main.storyboard */ = {
			isa = PBXVariantGroup;
			children = (
				2B10C9261CDCE1D200135A73 /* Base */,
			);
			name = Main.storyboard;
			sourceTree = "<group>";
		};
		2B10C92A1CDCE1D200135A73 /* LaunchScreen.storyboard */ = {
			isa = PBXVariantGroup;
			children = (
				2B10C92B1CDCE1D200135A73 /* Base */,
			);
			name = LaunchScreen.storyboard;
			sourceTree = "<group>";
		};
/* End PBXVariantGroup section */

/* Begin XCBuildConfiguration section */
		2B10C9441CDCE1D200135A73 /* Debug */ = {
			isa = XCBuildConfiguration;
			buildSettings = {
				ALWAYS_SEARCH_USER_PATHS = NO;
				CLANG_ANALYZER_NONNULL = YES;
				CLANG_CXX_LANGUAGE_STANDARD = "gnu++0x";
				CLANG_CXX_LIBRARY = "libc++";
				CLANG_ENABLE_MODULES = YES;
				CLANG_ENABLE_OBJC_ARC = YES;
				CLANG_WARN_BOOL_CONVERSION = YES;
				CLANG_WARN_CONSTANT_CONVERSION = YES;
				CLANG_WARN_DIRECT_OBJC_ISA_USAGE = YES_ERROR;
				CLANG_WARN_EMPTY_BODY = YES;
				CLANG_WARN_ENUM_CONVERSION = YES;
				CLANG_WARN_INT_CONVERSION = YES;
				CLANG_WARN_OBJC_ROOT_CLASS = YES_ERROR;
				CLANG_WARN_UNREACHABLE_CODE = YES;
				CLANG_WARN__DUPLICATE_METHOD_MATCH = YES;
				"CODE_SIGN_IDENTITY[sdk=iphoneos*]" = "iPhone Developer";
				COPY_PHASE_STRIP = NO;
				DEBUG_INFORMATION_FORMAT = dwarf;
				ENABLE_STRICT_OBJC_MSGSEND = YES;
				ENABLE_TESTABILITY = YES;
				GCC_C_LANGUAGE_STANDARD = gnu99;
				GCC_DYNAMIC_NO_PIC = NO;
				GCC_NO_COMMON_BLOCKS = YES;
				GCC_OPTIMIZATION_LEVEL = 0;
				GCC_PREPROCESSOR_DEFINITIONS = (
					"DEBUG=1",
					"$(inherited)",
				);
				GCC_WARN_64_TO_32_BIT_CONVERSION = YES;
				GCC_WARN_ABOUT_RETURN_TYPE = YES_ERROR;
				GCC_WARN_UNDECLARED_SELECTOR = YES;
				GCC_WARN_UNINITIALIZED_AUTOS = YES_AGGRESSIVE;
				GCC_WARN_UNUSED_FUNCTION = YES;
				GCC_WARN_UNUSED_VARIABLE = YES;
				IPHONEOS_DEPLOYMENT_TARGET = 9.3;
				MTL_ENABLE_DEBUG_INFO = YES;
				ONLY_ACTIVE_ARCH = YES;
				SDKROOT = iphoneos;
				TARGETED_DEVICE_FAMILY = "1,2";
			};
			name = Debug;
		};
		2B10C9451CDCE1D200135A73 /* Release */ = {
			isa = XCBuildConfiguration;
			buildSettings = {
				ALWAYS_SEARCH_USER_PATHS = NO;
				CLANG_ANALYZER_NONNULL = YES;
				CLANG_CXX_LANGUAGE_STANDARD = "gnu++0x";
				CLANG_CXX_LIBRARY = "libc++";
				CLANG_ENABLE_MODULES = YES;
				CLANG_ENABLE_OBJC_ARC = YES;
				CLANG_WARN_BOOL_CONVERSION = YES;
				CLANG_WARN_CONSTANT_CONVERSION = YES;
				CLANG_WARN_DIRECT_OBJC_ISA_USAGE = YES_ERROR;
				CLANG_WARN_EMPTY_BODY = YES;
				CLANG_WARN_ENUM_CONVERSION = YES;
				CLANG_WARN_INT_CONVERSION = YES;
				CLANG_WARN_OBJC_ROOT_CLASS = YES_ERROR;
				CLANG_WARN_UNREACHABLE_CODE = YES;
				CLANG_WARN__DUPLICATE_METHOD_MATCH = YES;
				"CODE_SIGN_IDENTITY[sdk=iphoneos*]" = "iPhone Developer";
				COPY_PHASE_STRIP = NO;
				DEBUG_INFORMATION_FORMAT = "dwarf-with-dsym";
				ENABLE_NS_ASSERTIONS = NO;
				ENABLE_STRICT_OBJC_MSGSEND = YES;
				GCC_C_LANGUAGE_STANDARD = gnu99;
				GCC_NO_COMMON_BLOCKS = YES;
				GCC_WARN_64_TO_32_BIT_CONVERSION = YES;
				GCC_WARN_ABOUT_RETURN_TYPE = YES_ERROR;
				GCC_WARN_UNDECLARED_SELECTOR = YES;
				GCC_WARN_UNINITIALIZED_AUTOS = YES_AGGRESSIVE;
				GCC_WARN_UNUSED_FUNCTION = YES;
				GCC_WARN_UNUSED_VARIABLE = YES;
				IPHONEOS_DEPLOYMENT_TARGET = 9.3;
				MTL_ENABLE_DEBUG_INFO = NO;
				SDKROOT = iphoneos;
				TARGETED_DEVICE_FAMILY = "1,2";
				VALIDATE_PRODUCT = YES;
			};
			name = Release;
		};
		2B10C9471CDCE1D200135A73 /* Debug */ = {
			isa = XCBuildConfiguration;
			buildSettings = {
				ASSETCATALOG_COMPILER_APPICON_NAME = AppIcon;
				INFOPLIST_FILE = Apple/Info.plist;
				LD_RUNPATH_SEARCH_PATHS = "$(inherited) @executable_path/Frameworks";
				PRODUCT_BUNDLE_IDENTIFIER = missguided.Apple;
				PRODUCT_NAME = "$(TARGET_NAME)";
			};
			name = Debug;
		};
		2B10C9481CDCE1D200135A73 /* Release */ = {
			isa = XCBuildConfiguration;
			buildSettings = {
				ASSETCATALOG_COMPILER_APPICON_NAME = AppIcon;
				INFOPLIST_FILE = Apple/Info.plist;
				LD_RUNPATH_SEARCH_PATHS = "$(inherited) @executable_path/Frameworks";
				PRODUCT_BUNDLE_IDENTIFIER = missguided.Apple;
				PRODUCT_NAME = "$(TARGET_NAME)";
			};
			name = Release;
		};
		2B10C94A1CDCE1D200135A73 /* Debug */ = {
			isa = XCBuildConfiguration;
			buildSettings = {
				BUNDLE_LOADER = "$(TEST_HOST)";
				INFOPLIST_FILE = AppleTests/Info.plist;
				LD_RUNPATH_SEARCH_PATHS = "$(inherited) @executable_path/Frameworks @loader_path/Frameworks";
				PRODUCT_BUNDLE_IDENTIFIER = missguided.AppleTests;
				PRODUCT_NAME = "$(TARGET_NAME)";
				TEST_HOST = "$(BUILT_PRODUCTS_DIR)/Apple.app/Apple";
			};
			name = Debug;
		};
		2B10C94B1CDCE1D200135A73 /* Release */ = {
			isa = XCBuildConfiguration;
			buildSettings = {
				BUNDLE_LOADER = "$(TEST_HOST)";
				INFOPLIST_FILE = AppleTests/Info.plist;
				LD_RUNPATH_SEARCH_PATHS = "$(inherited) @executable_path/Frameworks @loader_path/Frameworks";
				PRODUCT_BUNDLE_IDENTIFIER = missguided.AppleTests;
				PRODUCT_NAME = "$(TARGET_NAME)";
				TEST_HOST = "$(BUILT_PRODUCTS_DIR)/Apple.app/Apple";
			};
			name = Release;
		};
		2B10C94D1CDCE1D200135A73 /* Debug */ = {
			isa = XCBuildConfiguration;
			buildSettings = {
				INFOPLIST_FILE = AppleUITests/Info.plist;
				LD_RUNPATH_SEARCH_PATHS = "$(inherited) @executable_path/Frameworks @loader_path/Frameworks";
				PRODUCT_BUNDLE_IDENTIFIER = missguided.AppleUITests;
				PRODUCT_NAME = "$(TARGET_NAME)";
				TEST_TARGET_NAME = Apple;
			};
			name = Debug;
		};
		2B10C94E1CDCE1D200135A73 /* Release */ = {
			isa = XCBuildConfiguration;
			buildSettings = {
				INFOPLIST_FILE = AppleUITests/Info.plist;
				LD_RUNPATH_SEARCH_PATHS = "$(inherited) @executable_path/Frameworks @loader_path/Frameworks";
				PRODUCT_BUNDLE_IDENTIFIER = missguided.AppleUITests;
				PRODUCT_NAME = "$(TARGET_NAME)";
				TEST_TARGET_NAME = Apple;
			};
			name = Release;
		};
/* End XCBuildConfiguration section */

/* Begin XCConfigurationList section */
		2B10C9111CDCE1D200135A73 /* Build configuration list for PBXProject "Apple" */ = {
			isa = XCConfigurationList;
			buildConfigurations = (
				2B10C9441CDCE1D200135A73 /* Debug */,
				2B10C9451CDCE1D200135A73 /* Release */,
			);
			defaultConfigurationIsVisible = 0;
			defaultConfigurationName = Release;
		};
		2B10C9461CDCE1D200135A73 /* Build configuration list for PBXNativeTarget "Apple" */ = {
			isa = XCConfigurationList;
			buildConfigurations = (
				2B10C9471CDCE1D200135A73 /* Debug */,
				2B10C9481CDCE1D200135A73 /* Release */,
			);
			defaultConfigurationIsVisible = 0;
		};
		2B10C9491CDCE1D200135A73 /* Build configuration list for PBXNativeTarget "AppleTests" */ = {
			isa = XCConfigurationList;
			buildConfigurations = (
				2B10C94A1CDCE1D200135A73 /* Debug */,
				2B10C94B1CDCE1D200135A73 /* Release */,
			);
			defaultConfigurationIsVisible = 0;
		};
		2B10C94C1CDCE1D200135A73 /* Build configuration list for PBXNativeTarget "AppleUITests" */ = {
			isa = XCConfigurationList;
			buildConfigurations = (
				2B10C94D1CDCE1D200135A73 /* Debug */,
				2B10C94E1CDCE1D200135A73 /* Release */,
			);
			defaultConfigurationIsVisible = 0;
		};
/* End XCConfigurationList section */
	};
	rootObject = 2B10C90E1CDCE1D200135A73 /* Project object */;
}
